{
  "name": "x-package-version-strict-check",
  "version": "1.0.0",
  "lockfileVersion": 1,
  "requires": true,
  "dependencies": {
    "@types/node": {
      "version": "10.12.18",
      "resolved": "http://registry.npm.taobao.org/@types/node/download/@types/node-10.12.18.tgz",
      "dev": true
    },
    "_@types_node@10.12.18@@types": {},
    "arrify": {
      "version": "http://registry.npm.taobao.org/arrify/download/arrify-1.0.1.tgz"
    },
    "buffer-from": {
      "version": "http://registry.npm.taobao.org/buffer-from/download/buffer-from-1.1.1.tgz"
    },
    "diff": {
      "version": "http://registry.npm.taobao.org/diff/download/diff-3.5.0.tgz"
    },
    "make-error": {
      "version": "http://registry.npm.taobao.org/make-error/download/make-error-1.3.5.tgz"
    },
    "minimist": {
      "version": "http://registry.npm.taobao.org/minimist/download/minimist-0.0.8.tgz"
    },
    "mkdirp": {
      "version": "http://registry.npm.taobao.org/mkdirp/download/mkdirp-0.5.1.tgz",
      "requires": {
        "minimist": "0.0.8"
      },
      "dependencies": {
        "minimist": {
          "version": "0.0.8",
          "resolved": "http://registry.npm.taobao.org/minimist/download/minimist-0.0.8.tgz"
        }
      }
    },
    "source-map": {
      "version": "http://registry.npm.taobao.org/source-map/download/source-map-0.6.1.tgz"
    },
    "source-map-support": {
      "version": "http://registry.npm.taobao.org/source-map-support/download/source-map-support-0.5.10.tgz",
      "requires": {
        "buffer-from": "^1.0.0",
        "source-map": "^0.6.0"
      },
      "dependencies": {
        "buffer-from": {
          "version": "1.1.1",
          "bundled": true
        },
        "source-map": {
          "version": "0.6.1",
          "bundled": true
        }
      }
    },
    "ts-node": {
      "version": "http://registry.npm.taobao.org/ts-node/download/ts-node-7.0.1.tgz",
      "requires": {
        "arrify": "^1.0.0",
        "buffer-from": "^1.1.0",
        "diff": "^3.1.0",
        "make-error": "^1.1.1",
        "minimist": "^1.2.0",
        "mkdirp": "^0.5.1",
        "source-map-support": "^0.5.6",
        "yn": "^2.0.0"
      },
      "dependencies": {
        "arrify": {
          "version": "1.0.1",
          "bundled": true
        },
        "buffer-from": {
          "version": "1.1.1",
          "bundled": true
        },
        "diff": {
          "version": "3.5.0",
          "bundled": true
        },
        "make-error": {
          "version": "1.3.5",
          "bundled": true
        },
        "minimist": {
          "version": "1.2.0",
          "bundled": true
        },
        "mkdirp": {
          "version": "0.5.1",
          "bundled": true,
          "requires": {
            "minimist": "0.0.8"
          },
          "dependencies": {}
        },
        "source-map-support": {
          "version": "0.5.10",
          "bundled": true,
          "requires": {
            "buffer-from": "^1.0.0",
            "source-map": "^0.6.0"
          },
          "dependencies": {}
        },
        "yn": {
          "version": "2.0.0",
          "bundled": true
        }
      }
    },
    "typescript": {
      "version": "http://registry.npm.taobao.org/typescript/download/typescript-3.2.2.tgz"
    },
    "yn": {
      "version": "http://registry.npm.taobao.org/yn/download/yn-2.0.0.tgz"
    }
  }
}
